
Microsoft Visual Studio Solution File, Format Version 9.00
# Visual Studio 2005
Project("{8BC9CEB8-8B4A-11D0-8D11-00A0C91BC942}") = "Using Helper Classes", "Using Helper Classes.vcproj", "{35D6BF3C-9A6E-4739-862B-8A10EFA0B810}"
EndProject
Global
	GlobalSection(SolutionConfigurationPlatforms) = preSolution
		Debug|Win32 = Debug|Win32
		Release|Win32 = Release|Win32
	EndGlobalSection
	GlobalSection(ProjectConfigurationPlatforms) = postSolution
		{35D6BF3C-9A6E-4739-862B-8A10EFA0B810}.Debug|Win32.ActiveCfg = Debug|Win32
		{35D6BF3C-9A6E-4739-862B-8A10EFA0B810}.Debug|Win32.Build.0 = Debug|Win32
		{35D6BF3C-9A6E-4739-862B-8A10EFA0B810}.Release|Win32.ActiveCfg = Release|Win32
		{35D6BF3C-9A6E-4739-862B-8A10EFA0B810}.Release|Win32.Build.0 = Release|Win32
	EndGlobalSection
	GlobalSection(SolutionProperties) = preSolution
		HideSolutionNode = FALSE
	EndGlobalSection
EndGlobal
