
Microsoft Visual Studio Solution File, Format Version 10.00
# Visual Studio 2008
Project("{8BC9CEB8-8B4A-11D0-8D11-00A0C91BC942}") = "Core", "Core\Core.vcproj", "{DC114828-107E-4F94-B2EA-C655D54C5135}"
EndProject
Global
	GlobalSection(SolutionConfigurationPlatforms) = preSolution
		Debug|Win32 = Debug|Win32
		Release|Win32 = Release|Win32
	EndGlobalSection
	GlobalSection(ProjectConfigurationPlatforms) = postSolution
		{DC114828-107E-4F94-B2EA-C655D54C5135}.Debug|Win32.ActiveCfg = Debug|Win32
		{DC114828-107E-4F94-B2EA-C655D54C5135}.Debug|Win32.Build.0 = Debug|Win32
		{DC114828-107E-4F94-B2EA-C655D54C5135}.Release|Win32.ActiveCfg = Release|Win32
		{DC114828-107E-4F94-B2EA-C655D54C5135}.Release|Win32.Build.0 = Release|Win32
	EndGlobalSection
	GlobalSection(SolutionProperties) = preSolution
		HideSolutionNode = FALSE
	EndGlobalSection
EndGlobal
