
Microsoft Visual Studio Solution File, Format Version 9.00
# Visual Studio 2005
Project("{8BC9CEB8-8B4A-11D0-8D11-00A0C91BC942}") = "Using Scene Manager", "Using Scene Manager.vcproj", "{DEECDB39-2BBD-45EF-99EA-6244E8D22D1F}"
EndProject
Global
	GlobalSection(SolutionConfigurationPlatforms) = preSolution
		Debug|Win32 = Debug|Win32
		Release|Win32 = Release|Win32
	EndGlobalSection
	GlobalSection(ProjectConfigurationPlatforms) = postSolution
		{DEECDB39-2BBD-45EF-99EA-6244E8D22D1F}.Debug|Win32.ActiveCfg = Debug|Win32
		{DEECDB39-2BBD-45EF-99EA-6244E8D22D1F}.Debug|Win32.Build.0 = Debug|Win32
		{DEECDB39-2BBD-45EF-99EA-6244E8D22D1F}.Release|Win32.ActiveCfg = Release|Win32
		{DEECDB39-2BBD-45EF-99EA-6244E8D22D1F}.Release|Win32.Build.0 = Release|Win32
	EndGlobalSection
	GlobalSection(SolutionProperties) = preSolution
		HideSolutionNode = FALSE
	EndGlobalSection
EndGlobal
